
Microsoft Visual Studio Solution File, Format Version 12.00
# Visual Studio Version 16
VisualStudioVersion = 16.0.30114.105
MinimumVisualStudioVersion = 10.0.40219.1
Project("{FAE04EC0-301F-11D3-BF4B-00C04F79EFBC}") = "Services", "Services\Services.csproj", "{7DFD1646-0F89-49DC-BCE0-7253DA9E1F03}"
EndProject
Project("{FAE04EC0-301F-11D3-BF4B-00C04F79EFBC}") = "Users", "Users\Users.csproj", "{5EB42D72-9A25-45AB-95EF-40D2BAC3A376}"
EndProject
Global
	GlobalSection(SolutionConfigurationPlatforms) = preSolution
		Debug|Any CPU = Debug|Any CPU
		Release|Any CPU = Release|Any CPU
	EndGlobalSection
	GlobalSection(SolutionProperties) = preSolution
		HideSolutionNode = FALSE
	EndGlobalSection
	GlobalSection(ProjectConfigurationPlatforms) = postSolution
		{7DFD1646-0F89-49DC-BCE0-7253DA9E1F03}.Debug|Any CPU.ActiveCfg = Debug|Any CPU
		{7DFD1646-0F89-49DC-BCE0-7253DA9E1F03}.Debug|Any CPU.Build.0 = Debug|Any CPU
		{7DFD1646-0F89-49DC-BCE0-7253DA9E1F03}.Release|Any CPU.ActiveCfg = Release|Any CPU
		{7DFD1646-0F89-49DC-BCE0-7253DA9E1F03}.Release|Any CPU.Build.0 = Release|Any CPU
		{5EB42D72-9A25-45AB-95EF-40D2BAC3A376}.Debug|Any CPU.ActiveCfg = Debug|Any CPU
		{5EB42D72-9A25-45AB-95EF-40D2BAC3A376}.Debug|Any CPU.Build.0 = Debug|Any CPU
		{5EB42D72-9A25-45AB-95EF-40D2BAC3A376}.Release|Any CPU.ActiveCfg = Release|Any CPU
		{5EB42D72-9A25-45AB-95EF-40D2BAC3A376}.Release|Any CPU.Build.0 = Release|Any CPU
	EndGlobalSection
EndGlobal
